<?xml version="1.0" encoding="utf-8"?>
<Project ToolsVersion="4.0" xmlns="http://schemas.microsoft.com/developer/msbuild/2003">
  <ItemGroup>
    <Filter Include="99.Default">
      <UniqueIdentifier>{b78dee60-4ce1-4373-8dfe-160babeea737}</UniqueIdentifier>
    </Filter>
    <Filter Include="99.Default\리소스 파일">
      <UniqueIdentifier>{67DA6AB6-F800-4c08-8B7A-83BB121AAD01}</UniqueIdentifier>
      <Extensions>rc;ico;cur;bmp;dlg;rc2;rct;bin;rgs;gif;jpg;jpeg;jpe;resx;tiff;tif;png;wav;mfcribbon-ms</Extensions>
    </Filter>
    <Filter Include="99.Default\소스 파일">
      <UniqueIdentifier>{4FC737F1-C7A5-4376-A066-2A32D752A2FF}</UniqueIdentifier>
      <Extensions>cpp;c;cc;cxx;def;odl;idl;hpj;bat;asm;asmx</Extensions>
    </Filter>
    <Filter Include="99.Default\헤더 파일">
      <UniqueIdentifier>{93995380-89BD-4b04-88EB-625FBE52EBFB}</UniqueIdentifier>
      <Extensions>h;hh;hpp;hxx;hm;inl;inc;ipp;xsd</Extensions>
    </Filter>
    <Filter Include="00.Maingame">
      <UniqueIdentifier>{84a1e9c5-f358-4b51-9f25-076a2904c08b}</UniqueIdentifier>
    </Filter>
    <Filter Include="97.Manager">
      <UniqueIdentifier>{5568a5f4-624b-47fd-9536-af0a28c00e49}</UniqueIdentifier>
    </Filter>
    <Filter Include="01.GameObject">
      <UniqueIdentifier>{8024a5ac-3b95-4faa-9a41-f90ffaf98459}</UniqueIdentifier>
    </Filter>
    <Filter Include="97.Manager\Timer">
      <UniqueIdentifier>{c6953f92-4862-46c9-9b27-6450d3f20967}</UniqueIdentifier>
    </Filter>
    <Filter Include="97.Manager\Frame">
      <UniqueIdentifier>{9f9447a9-724f-4796-a31e-c7a677a39320}</UniqueIdentifier>
    </Filter>
    <Filter Include="97.Manager\Key">
      <UniqueIdentifier>{7e253e1c-32ce-4f83-b64c-5519d0a5918b}</UniqueIdentifier>
    </Filter>
    <Filter Include="97.Manager\Object">
      <UniqueIdentifier>{7aa9bb5c-15fd-4fd5-bf07-244946204886}</UniqueIdentifier>
    </Filter>
    <Filter Include="01.GameObject\Player">
      <UniqueIdentifier>{4b29afad-4b59-4e2c-a87e-313659ea2cdd}</UniqueIdentifier>
    </Filter>
    <Filter Include="98.Headers">
      <UniqueIdentifier>{77cb5907-ea71-4c52-a11d-6accf86ef5c4}</UniqueIdentifier>
    </Filter>
    <Filter Include="97.Manager\AbstractFactory">
      <UniqueIdentifier>{4c8de28f-b15a-4cfe-b0ee-92af3c4df17d}</UniqueIdentifier>
    </Filter>
    <Filter Include="97.Manager\Scene">
      <UniqueIdentifier>{cddfacd7-8f94-44df-839b-85f0899c5fdf}</UniqueIdentifier>
    </Filter>
    <Filter Include="97.Manager\Scene\TestScene">
      <UniqueIdentifier>{82ad4db3-a0bb-4321-9d10-43b98aae69e4}</UniqueIdentifier>
    </Filter>
    <Filter Include="01.GameObject\Mouse">
      <UniqueIdentifier>{7945a40b-24d8-4ab3-9284-101775e4d335}</UniqueIdentifier>
    </Filter>
    <Filter Include="97.Manager\GdiPlus">
      <UniqueIdentifier>{7d37d55f-e231-430a-a81c-947d8a5a5f57}</UniqueIdentifier>
    </Filter>
    <Filter Include="97.Manager\File">
      <UniqueIdentifier>{fc2e1924-d4a2-4132-b216-23623eb77ec5}</UniqueIdentifier>
    </Filter>
    <Filter Include="97.Manager\Camera">
      <UniqueIdentifier>{39b4f8df-4a77-4245-978c-9b8852b27dec}</UniqueIdentifier>
    </Filter>
    <Filter Include="01.GameObject\Background">
      <UniqueIdentifier>{74db1053-5ac3-4640-9d6e-61624cd4379a}</UniqueIdentifier>
    </Filter>
    <Filter Include="97.Manager\Bitmap">
      <UniqueIdentifier>{984a77cb-827f-4d78-b415-aaceccacdf46}</UniqueIdentifier>
    </Filter>
  </ItemGroup>
  <ItemGroup>
    <ClInclude Include="stdafx.h">
      <Filter>99.Default\헤더 파일</Filter>
    </ClInclude>
    <ClInclude Include="targetver.h">
      <Filter>99.Default\헤더 파일</Filter>
    </ClInclude>
    <ClInclude Include="Resource.h">
      <Filter>99.Default\헤더 파일</Filter>
    </ClInclude>
    <ClInclude Include="Project_NGP.h">
      <Filter>99.Default\헤더 파일</Filter>
    </ClInclude>
    <ClInclude Include="Define.h">
      <Filter>98.Headers</Filter>
    </ClInclude>
    <ClInclude Include="Enum.h">
      <Filter>98.Headers</Filter>
    </ClInclude>
    <ClInclude Include="Include.h">
      <Filter>98.Headers</Filter>
    </ClInclude>
    <ClInclude Include="Struct.h">
      <Filter>98.Headers</Filter>
    </ClInclude>
    <ClInclude Include="Constant.h">
      <Filter>98.Headers</Filter>
    </ClInclude>
    <ClInclude Include="Frame.h">
      <Filter>97.Manager\Frame</Filter>
    </ClInclude>
    <ClInclude Include="FrameManager.h">
      <Filter>97.Manager\Frame</Filter>
    </ClInclude>
    <ClInclude Include="Timer.h">
      <Filter>97.Manager\Timer</Filter>
    </ClInclude>
    <ClInclude Include="TimerManager.h">
      <Filter>97.Manager\Timer</Filter>
    </ClInclude>
    <ClInclude Include="Maingame.h">
      <Filter>00.Maingame</Filter>
    </ClInclude>
    <ClInclude Include="GameObject.h">
      <Filter>01.GameObject</Filter>
    </ClInclude>
    <ClInclude Include="Player.h">
      <Filter>01.GameObject\Player</Filter>
    </ClInclude>
    <ClInclude Include="Extern.h">
      <Filter>98.Headers</Filter>
    </ClInclude>
    <ClInclude Include="KeyManager.h">
      <Filter>97.Manager\Key</Filter>
    </ClInclude>
    <ClInclude Include="Macro.h">
      <Filter>98.Headers</Filter>
    </ClInclude>
    <ClInclude Include="AbstractFactory.h">
      <Filter>97.Manager\AbstractFactory</Filter>
    </ClInclude>
    <ClInclude Include="Scene.h">
      <Filter>97.Manager\Scene</Filter>
    </ClInclude>
    <ClInclude Include="SceneManager.h">
      <Filter>97.Manager\Scene</Filter>
    </ClInclude>
    <ClInclude Include="TestScene.h">
      <Filter>97.Manager\Scene\TestScene</Filter>
    </ClInclude>
    <ClInclude Include="Mouse.h">
      <Filter>01.GameObject\Mouse</Filter>
    </ClInclude>
    <ClInclude Include="GdiPlusImage.h">
      <Filter>97.Manager\GdiPlus</Filter>
    </ClInclude>
    <ClInclude Include="GdiPlusManager.h">
      <Filter>97.Manager\GdiPlus</Filter>
    </ClInclude>
    <ClInclude Include="FileManager.h">
      <Filter>97.Manager\File</Filter>
    </ClInclude>
    <ClInclude Include="CameraManager.h">
      <Filter>97.Manager\Camera</Filter>
    </ClInclude>
    <ClInclude Include="Background.h">
      <Filter>01.GameObject\Background</Filter>
    </ClInclude>
    <ClInclude Include="BmpManager.h">
      <Filter>97.Manager\Bitmap</Filter>
    </ClInclude>
    <ClInclude Include="Bitmap.h">
      <Filter>97.Manager\Bitmap</Filter>
    </ClInclude>
  </ItemGroup>
  <ItemGroup>
    <ClCompile Include="stdafx.cpp">
      <Filter>99.Default\소스 파일</Filter>
    </ClCompile>
    <ClCompile Include="Project_NGP.cpp">
      <Filter>99.Default\소스 파일</Filter>
    </ClCompile>
    <ClCompile Include="FrameManager.cpp">
      <Filter>97.Manager\Frame</Filter>
    </ClCompile>
    <ClCompile Include="Frame.cpp">
      <Filter>97.Manager\Frame</Filter>
    </ClCompile>
    <ClCompile Include="Timer.cpp">
      <Filter>97.Manager\Timer</Filter>
    </ClCompile>
    <ClCompile Include="TimerManager.cpp">
      <Filter>97.Manager\Timer</Filter>
    </ClCompile>
    <ClCompile Include="Maingame.cpp">
      <Filter>00.Maingame</Filter>
    </ClCompile>
    <ClCompile Include="GameObject.cpp">
      <Filter>01.GameObject</Filter>
    </ClCompile>
    <ClCompile Include="Player.cpp">
      <Filter>01.GameObject\Player</Filter>
    </ClCompile>
    <ClCompile Include="KeyManager.cpp">
      <Filter>97.Manager\Key</Filter>
    </ClCompile>
    <ClCompile Include="Scene.cpp">
      <Filter>97.Manager\Scene</Filter>
    </ClCompile>
    <ClCompile Include="SceneManager.cpp">
      <Filter>97.Manager\Scene</Filter>
    </ClCompile>
    <ClCompile Include="TestScene.cpp">
      <Filter>97.Manager\Scene\TestScene</Filter>
    </ClCompile>
    <ClCompile Include="Mouse.cpp">
      <Filter>01.GameObject\Mouse</Filter>
    </ClCompile>
    <ClCompile Include="GdiPlusImage.cpp">
      <Filter>97.Manager\GdiPlus</Filter>
    </ClCompile>
    <ClCompile Include="GdiPlusManager.cpp">
      <Filter>97.Manager\GdiPlus</Filter>
    </ClCompile>
    <ClCompile Include="FileManager.cpp">
      <Filter>97.Manager\File</Filter>
    </ClCompile>
    <ClCompile Include="CameraManager.cpp">
      <Filter>97.Manager\Camera</Filter>
    </ClCompile>
    <ClCompile Include="Background.cpp">
      <Filter>01.GameObject\Background</Filter>
    </ClCompile>
    <ClCompile Include="BmpManager.cpp">
      <Filter>97.Manager\Bitmap</Filter>
    </ClCompile>
    <ClCompile Include="Bitmap.cpp">
      <Filter>97.Manager\Bitmap</Filter>
    </ClCompile>
  </ItemGroup>
  <ItemGroup>
    <ResourceCompile Include="Project_NGP.rc">
      <Filter>99.Default\리소스 파일</Filter>
    </ResourceCompile>
  </ItemGroup>
  <ItemGroup>
    <Image Include="small.ico">
      <Filter>99.Default\리소스 파일</Filter>
    </Image>
    <Image Include="Project_NGP.ico">
      <Filter>99.Default\리소스 파일</Filter>
    </Image>
  </ItemGroup>
</Project>